// !$*UTF8*$!
{
	archiveVersion = 1;
	classes = {
	};
	objectVersion = 50;
	objects = {

/* Begin PBXBuildFile section */
		935757FC0382AD664D9E4985 /* Pods_Foursquare.framework in Frameworks */ = {isa = PBXBuildFile; fileRef = BDAD5BA2EAF5158858388A40 /* Pods_Foursquare.framework */; };
		F538E73721EA62CA0067F703 /* AppDelegate.swift in Sources */ = {isa = PBXBuildFile; fileRef = F538E73621EA62CA0067F703 /* AppDelegate.swift */; };
		F538E73921EA62CA0067F703 /* ViewController.swift in Sources */ = {isa = PBXBuildFile; fileRef = F538E73821EA62CA0067F703 /* ViewController.swift */; };
		F538E73C21EA62CA0067F703 /* Main.storyboard in Resources */ = {isa = PBXBuildFile; fileRef = F538E73A21EA62CA0067F703 /* Main.storyboard */; };
		F538E73E21EA62CB0067F703 /* Assets.xcassets in Resources */ = {isa = PBXBuildFile; fileRef = F538E73D21EA62CB0067F703 /* Assets.xcassets */; };
		F538E74121EA62CB0067F703 /* LaunchScreen.storyboard in Resources */ = {isa = PBXBuildFile; fileRef = F538E73F21EA62CB0067F703 /* LaunchScreen.storyboard */; };
		F538E74921EA63E30067F703 /* FoursquareAccountManager.swift in Sources */ = {isa = PBXBuildFile; fileRef = F538E74821EA63E30067F703 /* FoursquareAccountManager.swift */; };
/* End PBXBuildFile section */

/* Begin PBXFileReference section */
		1A36737FF5C9E9AAC6572ABE /* Pods-Foursquare.debug.xcconfig */ = {isa = PBXFileReference; includeInIndex = 1; lastKnownFileType = text.xcconfig; name = "Pods-Foursquare.debug.xcconfig"; path = "Pods/Target Support Files/Pods-Foursquare/Pods-Foursquare.debug.xcconfig"; sourceTree = "<group>"; };
		7BC77A2E25533E2DB12429D6 /* Pods-Foursquare.release.xcconfig */ = {isa = PBXFileReference; includeInIndex = 1; lastKnownFileType = text.xcconfig; name = "Pods-Foursquare.release.xcconfig"; path = "Pods/Target Support Files/Pods-Foursquare/Pods-Foursquare.release.xcconfig"; sourceTree = "<group>"; };
		BDAD5BA2EAF5158858388A40 /* Pods_Foursquare.framework */ = {isa = PBXFileReference; explicitFileType = wrapper.framework; includeInIndex = 0; path = Pods_Foursquare.framework; sourceTree = BUILT_PRODUCTS_DIR; };
		F538E73321EA62CA0067F703 /* Foursquare.app */ = {isa = PBXFileReference; explicitFileType = wrapper.application; includeInIndex = 0; path = Foursquare.app; sourceTree = BUILT_PRODUCTS_DIR; };
		F538E73621EA62CA0067F703 /* AppDelegate.swift */ = {isa = PBXFileReference; lastKnownFileType = sourcecode.swift; path = AppDelegate.swift; sourceTree = "<group>"; };
		F538E73821EA62CA0067F703 /* ViewController.swift */ = {isa = PBXFileReference; lastKnownFileType = sourcecode.swift; path = ViewController.swift; sourceTree = "<group>"; };
		F538E73B21EA62CA0067F703 /* Base */ = {isa = PBXFileReference; lastKnownFileType = file.storyboard; name = Base; path = Base.lproj/Main.storyboard; sourceTree = "<group>"; };
		F538E73D21EA62CB0067F703 /* Assets.xcassets */ = {isa = PBXFileReference; lastKnownFileType = folder.assetcatalog; path = Assets.xcassets; sourceTree = "<group>"; };
		F538E74021EA62CB0067F703 /* Base */ = {isa = PBXFileReference; lastKnownFileType = file.storyboard; name = Base; path = Base.lproj/LaunchScreen.storyboard; sourceTree = "<group>"; };
		F538E74221EA62CB0067F703 /* Info.plist */ = {isa = PBXFileReference; lastKnownFileType = text.plist.xml; path = Info.plist; sourceTree = "<group>"; };
		F538E74821EA63E30067F703 /* FoursquareAccountManager.swift */ = {isa = PBXFileReference; lastKnownFileType = sourcecode.swift; path = FoursquareAccountManager.swift; sourceTree = "<group>"; };
/* End PBXFileReference section */

/* Begin PBXFrameworksBuildPhase section */
		F538E73021EA62CA0067F703 /* Frameworks */ = {
			isa = PBXFrameworksBuildPhase;
			buildActionMask = 2147483647;
			files = (
				935757FC0382AD664D9E4985 /* Pods_Foursquare.framework in Frameworks */,
			);
			runOnlyForDeploymentPostprocessing = 0;
		};
/* End PBXFrameworksBuildPhase section */

/* Begin PBXGroup section */
		4D0804FC911939D2A835F1F6 /* Frameworks */ = {
			isa = PBXGroup;
			children = (
				BDAD5BA2EAF5158858388A40 /* Pods_Foursquare.framework */,
			);
			name = Frameworks;
			sourceTree = "<group>";
		};
		849C26577F578695F9892675 /* Pods */ = {
			isa = PBXGroup;
			children = (
				1A36737FF5C9E9AAC6572ABE /* Pods-Foursquare.debug.xcconfig */,
				7BC77A2E25533E2DB12429D6 /* Pods-Foursquare.release.xcconfig */,
			);
			name = Pods;
			sourceTree = "<group>";
		};
		F538E72A21EA62CA0067F703 = {
			isa = PBXGroup;
			children = (
				F538E73521EA62CA0067F703 /* Foursquare */,
				F538E73421EA62CA0067F703 /* Products */,
				849C26577F578695F9892675 /* Pods */,
				4D0804FC911939D2A835F1F6 /* Frameworks */,
			);
			sourceTree = "<group>";
		};
		F538E73421EA62CA0067F703 /* Products */ = {
			isa = PBXGroup;
			children = (
				F538E73321EA62CA0067F703 /* Foursquare.app */,
			);
			name = Products;
			sourceTree = "<group>";
		};
		F538E73521EA62CA0067F703 /* Foursquare */ = {
			isa = PBXGroup;
			children = (
				F538E74A21EA643A0067F703 /* Resources */,
				F538E73621EA62CA0067F703 /* AppDelegate.swift */,
				F538E73821EA62CA0067F703 /* ViewController.swift */,
				F538E74821EA63E30067F703 /* FoursquareAccountManager.swift */,
				F538E73A21EA62CA0067F703 /* Main.storyboard */,
			);
			path = Foursquare;
			sourceTree = "<group>";
		};
		F538E74A21EA643A0067F703 /* Resources */ = {
			isa = PBXGroup;
			children = (
				F538E73D21EA62CB0067F703 /* Assets.xcassets */,
				F538E74221EA62CB0067F703 /* Info.plist */,
				F538E73F21EA62CB0067F703 /* LaunchScreen.storyboard */,
			);
			path = Resources;
			sourceTree = "<group>";
		};
/* End PBXGroup section */

/* Begin PBXNativeTarget section */
		F538E73221EA62CA0067F703 /* Foursquare */ = {
			isa = PBXNativeTarget;
			buildConfigurationList = F538E74521EA62CB0067F703 /* Build configuration list for PBXNativeTarget "Foursquare" */;
			buildPhases = (
				E12B52E8C0C4AE1C0E2FB315 /* [CP] Check Pods Manifest.lock */,
				F538E72F21EA62CA0067F703 /* Sources */,
				F538E73021EA62CA0067F703 /* Frameworks */,
				F538E73121EA62CA0067F703 /* Resources */,
				0C08C7B752F94B0F1882489F /* [CP] Embed Pods Frameworks */,
			);
			buildRules = (
			);
			dependencies = (
			);
			name = Foursquare;
			productName = Foursquare;
			productReference = F538E73321EA62CA0067F703 /* Foursquare.app */;
			productType = "com.apple.product-type.application";
		};
/* End PBXNativeTarget section */

/* Begin PBXProject section */
		F538E72B21EA62CA0067F703 /* Project object */ = {
			isa = PBXProject;
			attributes = {
				LastSwiftUpdateCheck = 1010;
				LastUpgradeCheck = 1010;
				ORGANIZATIONNAME = "Matthew Nanney";
				TargetAttributes = {
					F538E73221EA62CA0067F703 = {
						CreatedOnToolsVersion = 10.1;
					};
				};
			};
			buildConfigurationList = F538E72E21EA62CA0067F703 /* Build configuration list for PBXProject "Foursquare" */;
			compatibilityVersion = "Xcode 9.3";
			developmentRegion = en;
			hasScannedForEncodings = 0;
			knownRegions = (
				en,
				Base,
			);
			mainGroup = F538E72A21EA62CA0067F703;
			productRefGroup = F538E73421EA62CA0067F703 /* Products */;
			projectDirPath = "";
			projectRoot = "";
			targets = (
				F538E73221EA62CA0067F703 /* Foursquare */,
			);
		};
/* End PBXProject section */

/* Begin PBXResourcesBuildPhase section */
		F538E73121EA62CA0067F703 /* Resources */ = {
			isa = PBXResourcesBuildPhase;
			buildActionMask = 2147483647;
			files = (
				F538E74121EA62CB0067F703 /* LaunchScreen.storyboard in Resources */,
				F538E73E21EA62CB0067F703 /* Assets.xcassets in Resources */,
				F538E73C21EA62CA0067F703 /* Main.storyboard in Resources */,
			);
			runOnlyForDeploymentPostprocessing = 0;
		};
/* End PBXResourcesBuildPhase section */

/* Begin PBXShellScriptBuildPhase section */
		0C08C7B752F94B0F1882489F /* [CP] Embed Pods Frameworks */ = {
			isa = PBXShellScriptBuildPhase;
			buildActionMask = 2147483647;
			files = (
			);
			inputFileListPaths = (
			);
			inputPaths = (
				"${SRCROOT}/Pods/Target Support Files/Pods-Foursquare/Pods-Foursquare-frameworks.sh",
				"${BUILT_PRODUCTS_DIR}/Alamofire/Alamofire.framework",
			);
			name = "[CP] Embed Pods Frameworks";
			outputFileListPaths = (
			);
			outputPaths = (
				"${TARGET_BUILD_DIR}/${FRAMEWORKS_FOLDER_PATH}/Alamofire.framework",
			);
			runOnlyForDeploymentPostprocessing = 0;
			shellPath = /bin/sh;
			shellScript = "\"${SRCROOT}/Pods/Target Support Files/Pods-Foursquare/Pods-Foursquare-frameworks.sh\"\n";
			showEnvVarsInLog = 0;
		};
		E12B52E8C0C4AE1C0E2FB315 /* [CP] Check Pods Manifest.lock */ = {
			isa = PBXShellScriptBuildPhase;
			buildActionMask = 2147483647;
			files = (
			);
			inputFileListPaths = (
			);
			inputPaths = (
				"${PODS_PODFILE_DIR_PATH}/Podfile.lock",
				"${PODS_ROOT}/Manifest.lock",
			);
			name = "[CP] Check Pods Manifest.lock";
			outputFileListPaths = (
			);
			outputPaths = (
				"$(DERIVED_FILE_DIR)/Pods-Foursquare-checkManifestLockResult.txt",
			);
			runOnlyForDeploymentPostprocessing = 0;
			shellPath = /bin/sh;
			shellScript = "diff \"${PODS_PODFILE_DIR_PATH}/Podfile.lock\" \"${PODS_ROOT}/Manifest.lock\" > /dev/null\nif [ $? != 0 ] ; then\n    # print error to STDERR\n    echo \"error: The sandbox is not in sync with the Podfile.lock. Run 'pod install' or update your CocoaPods installation.\" >&2\n    exit 1\nfi\n# This output is used by Xcode 'outputs' to avoid re-running this script phase.\necho \"SUCCESS\" > \"${SCRIPT_OUTPUT_FILE_0}\"\n";
			showEnvVarsInLog = 0;
		};
/* End PBXShellScriptBuildPhase section */

/* Begin PBXSourcesBuildPhase section */
		F538E72F21EA62CA0067F703 /* Sources */ = {
			isa = PBXSourcesBuildPhase;
			buildActionMask = 2147483647;
			files = (
				F538E73921EA62CA0067F703 /* ViewController.swift in Sources */,
				F538E74921EA63E30067F703 /* FoursquareAccountManager.swift in Sources */,
				F538E73721EA62CA0067F703 /* AppDelegate.swift in Sources */,
			);
			runOnlyForDeploymentPostprocessing = 0;
		};
/* End PBXSourcesBuildPhase section */

/* Begin PBXVariantGroup section */
		F538E73A21EA62CA0067F703 /* Main.storyboard */ = {
			isa = PBXVariantGroup;
			children = (
				F538E73B21EA62CA0067F703 /* Base */,
			);
			name = Main.storyboard;
			sourceTree = "<group>";
		};
		F538E73F21EA62CB0067F703 /* LaunchScreen.storyboard */ = {
			isa = PBXVariantGroup;
			children = (
				F538E74021EA62CB0067F703 /* Base */,
			);
			name = LaunchScreen.storyboard;
			sourceTree = "<group>";
		};
/* End PBXVariantGroup section */

/* Begin XCBuildConfiguration section */
		F538E74321EA62CB0067F703 /* Debug */ = {
			isa = XCBuildConfiguration;
			buildSettings = {
				ALWAYS_SEARCH_USER_PATHS = NO;
				CLANG_ANALYZER_NONNULL = YES;
				CLANG_ANALYZER_NUMBER_OBJECT_CONVERSION = YES_AGGRESSIVE;
				CLANG_CXX_LANGUAGE_STANDARD = "gnu++14";
				CLANG_CXX_LIBRARY = "libc++";
				CLANG_ENABLE_MODULES = YES;
				CLANG_ENABLE_OBJC_ARC = YES;
				CLANG_ENABLE_OBJC_WEAK = YES;
				CLANG_WARN_BLOCK_CAPTURE_AUTORELEASING = YES;
				CLANG_WARN_BOOL_CONVERSION = YES;
				CLANG_WARN_COMMA = YES;
				CLANG_WARN_CONSTANT_CONVERSION = YES;
				CLANG_WARN_DEPRECATED_OBJC_IMPLEMENTATIONS = YES;
				CLANG_WARN_DIRECT_OBJC_ISA_USAGE = YES_ERROR;
				CLANG_WARN_DOCUMENTATION_COMMENTS = YES;
				CLANG_WARN_EMPTY_BODY = YES;
				CLANG_WARN_ENUM_CONVERSION = YES;
				CLANG_WARN_INFINITE_RECURSION = YES;
				CLANG_WARN_INT_CONVERSION = YES;
				CLANG_WARN_NON_LITERAL_NULL_CONVERSION = YES;
				CLANG_WARN_OBJC_IMPLICIT_RETAIN_SELF = YES;
				CLANG_WARN_OBJC_LITERAL_CONVERSION = YES;
				CLANG_WARN_OBJC_ROOT_CLASS = YES_ERROR;
				CLANG_WARN_RANGE_LOOP_ANALYSIS = YES;
				CLANG_WARN_STRICT_PROTOTYPES = YES;
				CLANG_WARN_SUSPICIOUS_MOVE = YES;
				CLANG_WARN_UNGUARDED_AVAILABILITY = YES_AGGRESSIVE;
				CLANG_WARN_UNREACHABLE_CODE = YES;
				CLANG_WARN__DUPLICATE_METHOD_MATCH = YES;
				CODE_SIGN_IDENTITY = "iPhone Developer";
				COPY_PHASE_STRIP = NO;
				DEBUG_INFORMATION_FORMAT = dwarf;
				ENABLE_STRICT_OBJC_MSGSEND = YES;
				ENABLE_TESTABILITY = YES;
				GCC_C_LANGUAGE_STANDARD = gnu11;
				GCC_DYNAMIC_NO_PIC = NO;
				GCC_NO_COMMON_BLOCKS = YES;
				GCC_OPTIMIZATION_LEVEL = 0;
				GCC_PREPROCESSOR_DEFINITIONS = (
					"DEBUG=1",
					"$(inherited)",
				);
				GCC_WARN_64_TO_32_BIT_CONVERSION = YES;
				GCC_WARN_ABOUT_RETURN_TYPE = YES_ERROR;
				GCC_WARN_UNDECLARED_SELECTOR = YES;
				GCC_WARN_UNINITIALIZED_AUTOS = YES_AGGRESSIVE;
				GCC_WARN_UNUSED_FUNCTION = YES;
				GCC_WARN_UNUSED_VARIABLE = YES;
				IPHONEOS_DEPLOYMENT_TARGET = 12.1;
				MTL_ENABLE_DEBUG_INFO = INCLUDE_SOURCE;
				MTL_FAST_MATH = YES;
				ONLY_ACTIVE_ARCH = YES;
				SDKROOT = iphoneos;
				SWIFT_ACTIVE_COMPILATION_CONDITIONS = DEBUG;
				SWIFT_OPTIMIZATION_LEVEL = "-Onone";
			};
			name = Debug;
		};
		F538E74421EA62CB0067F703 /* Release */ = {
			isa = XCBuildConfiguration;
			buildSettings = {
				ALWAYS_SEARCH_USER_PATHS = NO;
				CLANG_ANALYZER_NONNULL = YES;
				CLANG_ANALYZER_NUMBER_OBJECT_CONVERSION = YES_AGGRESSIVE;
				CLANG_CXX_LANGUAGE_STANDARD = "gnu++14";
				CLANG_CXX_LIBRARY = "libc++";
				CLANG_ENABLE_MODULES = YES;
				CLANG_ENABLE_OBJC_ARC = YES;
				CLANG_ENABLE_OBJC_WEAK = YES;
				CLANG_WARN_BLOCK_CAPTURE_AUTORELEASING = YES;
				CLANG_WARN_BOOL_CONVERSION = YES;
				CLANG_WARN_COMMA = YES;
				CLANG_WARN_CONSTANT_CONVERSION = YES;
				CLANG_WARN_DEPRECATED_OBJC_IMPLEMENTATIONS = YES;
				CLANG_WARN_DIRECT_OBJC_ISA_USAGE = YES_ERROR;
				CLANG_WARN_DOCUMENTATION_COMMENTS = YES;
				CLANG_WARN_EMPTY_BODY = YES;
				CLANG_WARN_ENUM_CONVERSION = YES;
				CLANG_WARN_INFINITE_RECURSION = YES;
				CLANG_WARN_INT_CONVERSION = YES;
				CLANG_WARN_NON_LITERAL_NULL_CONVERSION = YES;
				CLANG_WARN_OBJC_IMPLICIT_RETAIN_SELF = YES;
				CLANG_WARN_OBJC_LITERAL_CONVERSION = YES;
				CLANG_WARN_OBJC_ROOT_CLASS = YES_ERROR;
				CLANG_WARN_RANGE_LOOP_ANALYSIS = YES;
				CLANG_WARN_STRICT_PROTOTYPES = YES;
				CLANG_WARN_SUSPICIOUS_MOVE = YES;
				CLANG_WARN_UNGUARDED_AVAILABILITY = YES_AGGRESSIVE;
				CLANG_WARN_UNREACHABLE_CODE = YES;
				CLANG_WARN__DUPLICATE_METHOD_MATCH = YES;
				CODE_SIGN_IDENTITY = "iPhone Developer";
				COPY_PHASE_STRIP = NO;
				DEBUG_INFORMATION_FORMAT = "dwarf-with-dsym";
				ENABLE_NS_ASSERTIONS = NO;
				ENABLE_STRICT_OBJC_MSGSEND = YES;
				GCC_C_LANGUAGE_STANDARD = gnu11;
				GCC_NO_COMMON_BLOCKS = YES;
				GCC_WARN_64_TO_32_BIT_CONVERSION = YES;
				GCC_WARN_ABOUT_RETURN_TYPE = YES_ERROR;
				GCC_WARN_UNDECLARED_SELECTOR = YES;
				GCC_WARN_UNINITIALIZED_AUTOS = YES_AGGRESSIVE;
				GCC_WARN_UNUSED_FUNCTION = YES;
				GCC_WARN_UNUSED_VARIABLE = YES;
				IPHONEOS_DEPLOYMENT_TARGET = 12.1;
				MTL_ENABLE_DEBUG_INFO = NO;
				MTL_FAST_MATH = YES;
				SDKROOT = iphoneos;
				SWIFT_COMPILATION_MODE = wholemodule;
				SWIFT_OPTIMIZATION_LEVEL = "-O";
				VALIDATE_PRODUCT = YES;
			};
			name = Release;
		};
		F538E74621EA62CB0067F703 /* Debug */ = {
			isa = XCBuildConfiguration;
			baseConfigurationReference = 1A36737FF5C9E9AAC6572ABE /* Pods-Foursquare.debug.xcconfig */;
			buildSettings = {
				ASSETCATALOG_COMPILER_APPICON_NAME = AppIcon;
				CODE_SIGN_STYLE = Automatic;
				DEVELOPMENT_TEAM = 89QG7LX7S6;
				INFOPLIST_FILE = Foursquare/Info.plist;
				LD_RUNPATH_SEARCH_PATHS = (
					"$(inherited)",
					"@executable_path/Frameworks",
				);
				PRODUCT_BUNDLE_IDENTIFIER = "nan-code.Foursquare";
				PRODUCT_NAME = "$(TARGET_NAME)";
				SWIFT_VERSION = 4.2;
				TARGETED_DEVICE_FAMILY = "1,2";
			};
			name = Debug;
		};
		F538E74721EA62CB0067F703 /* Release */ = {
			isa = XCBuildConfiguration;
			baseConfigurationReference = 7BC77A2E25533E2DB12429D6 /* Pods-Foursquare.release.xcconfig */;
			buildSettings = {
				ASSETCATALOG_COMPILER_APPICON_NAME = AppIcon;
				CODE_SIGN_STYLE = Automatic;
				DEVELOPMENT_TEAM = 89QG7LX7S6;
				INFOPLIST_FILE = Foursquare/Info.plist;
				LD_RUNPATH_SEARCH_PATHS = (
					"$(inherited)",
					"@executable_path/Frameworks",
				);
				PRODUCT_BUNDLE_IDENTIFIER = "nan-code.Foursquare";
				PRODUCT_NAME = "$(TARGET_NAME)";
				SWIFT_VERSION = 4.2;
				TARGETED_DEVICE_FAMILY = "1,2";
			};
			name = Release;
		};
/* End XCBuildConfiguration section */

/* Begin XCConfigurationList section */
		F538E72E21EA62CA0067F703 /* Build configuration list for PBXProject "Foursquare" */ = {
			isa = XCConfigurationList;
			buildConfigurations = (
				F538E74321EA62CB0067F703 /* Debug */,
				F538E74421EA62CB0067F703 /* Release */,
			);
			defaultConfigurationIsVisible = 0;
			defaultConfigurationName = Release;
		};
		F538E74521EA62CB0067F703 /* Build configuration list for PBXNativeTarget "Foursquare" */ = {
			isa = XCConfigurationList;
			buildConfigurations = (
				F538E74621EA62CB0067F703 /* Debug */,
				F538E74721EA62CB0067F703 /* Release */,
			);
			defaultConfigurationIsVisible = 0;
			defaultConfigurationName = Release;
		};
/* End XCConfigurationList section */
	};
	rootObject = F538E72B21EA62CA0067F703 /* Project object */;
}
